
Microsoft Visual Studio Solution File, Format Version 12.00
# Visual Studio Version 17
VisualStudioVersion = 17.7.34202.233
MinimumVisualStudioVersion = 10.0.40219.1
Project("{9A19103F-16F7-4668-BE54-9A1E7A4F7556}") = "Atividade1", "Atividade1.csproj", "{B61A8628-9F90-47D4-9B07-7D495904F400}"
EndProject
Project("{9A19103F-16F7-4668-BE54-9A1E7A4F7556}") = "Atividade2", "..\Atividade2\Atividade2.csproj", "{F1CE0A05-A409-4350-98D5-0ADA213A5F01}"
EndProject
Project("{FAE04EC0-301F-11D3-BF4B-00C04F79EFBC}") = "Atividade3", "..\Atividade3\Atividade3.csproj", "{BCF3681A-E9DA-4F3F-8F5D-2C9FA95511B1}"
EndProject
Project("{FAE04EC0-301F-11D3-BF4B-00C04F79EFBC}") = "Atividade4", "..\Atividade4\Atividade4.csproj", "{68EED2F9-35A8-4E48-A039-641B11981BA1}"
EndProject
Project("{FAE04EC0-301F-11D3-BF4B-00C04F79EFBC}") = "Atividade5", "..\Atividade5\Atividade5.csproj", "{1B3984A0-936F-474D-9003-3F9E85C0A91B}"
EndProject
Project("{FAE04EC0-301F-11D3-BF4B-00C04F79EFBC}") = "Atividade6", "..\Atividade6\Atividade6.csproj", "{2A9583FF-C233-4A96-8A9C-E2954502302E}"
EndProject
Project("{FAE04EC0-301F-11D3-BF4B-00C04F79EFBC}") = "Atividade7", "..\Atividade7\Atividade7.csproj", "{1BBF7A6C-1347-4729-BD08-2B97D4D6E86D}"
EndProject
Project("{FAE04EC0-301F-11D3-BF4B-00C04F79EFBC}") = "Atividade8", "..\Atividade8\Atividade8.csproj", "{CD1B6E13-5B16-4C9F-8D36-2A1FFDA82CBA}"
EndProject
Project("{FAE04EC0-301F-11D3-BF4B-00C04F79EFBC}") = "Atividade9", "..\Atividade9\Atividade9.csproj", "{68C0BB8D-0D50-4263-95C2-506DD35FCC13}"
EndProject
Project("{FAE04EC0-301F-11D3-BF4B-00C04F79EFBC}") = "Atividade10", "..\Atividade10\Atividade10.csproj", "{0CE2A9F7-BAC3-429A-9CFE-C34CCDE3DE41}"
EndProject
Global
	GlobalSection(SolutionConfigurationPlatforms) = preSolution
		Debug|Any CPU = Debug|Any CPU
		Release|Any CPU = Release|Any CPU
	EndGlobalSection
	GlobalSection(ProjectConfigurationPlatforms) = postSolution
		{B61A8628-9F90-47D4-9B07-7D495904F400}.Debug|Any CPU.ActiveCfg = Debug|Any CPU
		{B61A8628-9F90-47D4-9B07-7D495904F400}.Debug|Any CPU.Build.0 = Debug|Any CPU
		{B61A8628-9F90-47D4-9B07-7D495904F400}.Release|Any CPU.ActiveCfg = Release|Any CPU
		{B61A8628-9F90-47D4-9B07-7D495904F400}.Release|Any CPU.Build.0 = Release|Any CPU
		{F1CE0A05-A409-4350-98D5-0ADA213A5F01}.Debug|Any CPU.ActiveCfg = Debug|Any CPU
		{F1CE0A05-A409-4350-98D5-0ADA213A5F01}.Debug|Any CPU.Build.0 = Debug|Any CPU
		{F1CE0A05-A409-4350-98D5-0ADA213A5F01}.Release|Any CPU.ActiveCfg = Release|Any CPU
		{F1CE0A05-A409-4350-98D5-0ADA213A5F01}.Release|Any CPU.Build.0 = Release|Any CPU
		{BCF3681A-E9DA-4F3F-8F5D-2C9FA95511B1}.Debug|Any CPU.ActiveCfg = Debug|Any CPU
		{BCF3681A-E9DA-4F3F-8F5D-2C9FA95511B1}.Debug|Any CPU.Build.0 = Debug|Any CPU
		{BCF3681A-E9DA-4F3F-8F5D-2C9FA95511B1}.Release|Any CPU.ActiveCfg = Release|Any CPU
		{BCF3681A-E9DA-4F3F-8F5D-2C9FA95511B1}.Release|Any CPU.Build.0 = Release|Any CPU
		{68EED2F9-35A8-4E48-A039-641B11981BA1}.Debug|Any CPU.ActiveCfg = Debug|Any CPU
		{68EED2F9-35A8-4E48-A039-641B11981BA1}.Debug|Any CPU.Build.0 = Debug|Any CPU
		{68EED2F9-35A8-4E48-A039-641B11981BA1}.Release|Any CPU.ActiveCfg = Release|Any CPU
		{68EED2F9-35A8-4E48-A039-641B11981BA1}.Release|Any CPU.Build.0 = Release|Any CPU
		{1B3984A0-936F-474D-9003-3F9E85C0A91B}.Debug|Any CPU.ActiveCfg = Debug|Any CPU
		{1B3984A0-936F-474D-9003-3F9E85C0A91B}.Debug|Any CPU.Build.0 = Debug|Any CPU
		{1B3984A0-936F-474D-9003-3F9E85C0A91B}.Release|Any CPU.ActiveCfg = Release|Any CPU
		{1B3984A0-936F-474D-9003-3F9E85C0A91B}.Release|Any CPU.Build.0 = Release|Any CPU
		{2A9583FF-C233-4A96-8A9C-E2954502302E}.Debug|Any CPU.ActiveCfg = Debug|Any CPU
		{2A9583FF-C233-4A96-8A9C-E2954502302E}.Debug|Any CPU.Build.0 = Debug|Any CPU
		{2A9583FF-C233-4A96-8A9C-E2954502302E}.Release|Any CPU.ActiveCfg = Release|Any CPU
		{2A9583FF-C233-4A96-8A9C-E2954502302E}.Release|Any CPU.Build.0 = Release|Any CPU
		{1BBF7A6C-1347-4729-BD08-2B97D4D6E86D}.Debug|Any CPU.ActiveCfg = Debug|Any CPU
		{1BBF7A6C-1347-4729-BD08-2B97D4D6E86D}.Debug|Any CPU.Build.0 = Debug|Any CPU
		{1BBF7A6C-1347-4729-BD08-2B97D4D6E86D}.Release|Any CPU.ActiveCfg = Release|Any CPU
		{1BBF7A6C-1347-4729-BD08-2B97D4D6E86D}.Release|Any CPU.Build.0 = Release|Any CPU
		{CD1B6E13-5B16-4C9F-8D36-2A1FFDA82CBA}.Debug|Any CPU.ActiveCfg = Debug|Any CPU
		{CD1B6E13-5B16-4C9F-8D36-2A1FFDA82CBA}.Debug|Any CPU.Build.0 = Debug|Any CPU
		{CD1B6E13-5B16-4C9F-8D36-2A1FFDA82CBA}.Release|Any CPU.ActiveCfg = Release|Any CPU
		{CD1B6E13-5B16-4C9F-8D36-2A1FFDA82CBA}.Release|Any CPU.Build.0 = Release|Any CPU
		{68C0BB8D-0D50-4263-95C2-506DD35FCC13}.Debug|Any CPU.ActiveCfg = Debug|Any CPU
		{68C0BB8D-0D50-4263-95C2-506DD35FCC13}.Debug|Any CPU.Build.0 = Debug|Any CPU
		{68C0BB8D-0D50-4263-95C2-506DD35FCC13}.Release|Any CPU.ActiveCfg = Release|Any CPU
		{68C0BB8D-0D50-4263-95C2-506DD35FCC13}.Release|Any CPU.Build.0 = Release|Any CPU
		{0CE2A9F7-BAC3-429A-9CFE-C34CCDE3DE41}.Debug|Any CPU.ActiveCfg = Debug|Any CPU
		{0CE2A9F7-BAC3-429A-9CFE-C34CCDE3DE41}.Debug|Any CPU.Build.0 = Debug|Any CPU
		{0CE2A9F7-BAC3-429A-9CFE-C34CCDE3DE41}.Release|Any CPU.ActiveCfg = Release|Any CPU
		{0CE2A9F7-BAC3-429A-9CFE-C34CCDE3DE41}.Release|Any CPU.Build.0 = Release|Any CPU
	EndGlobalSection
	GlobalSection(SolutionProperties) = preSolution
		HideSolutionNode = FALSE
	EndGlobalSection
	GlobalSection(ExtensibilityGlobals) = postSolution
		SolutionGuid = {87E42D2B-6014-4F86-9E58-96207C85A2BD}
	EndGlobalSection
EndGlobal
